
Microsoft Visual Studio Solution File, Format Version 12.00
# Visual Studio Version 17
VisualStudioVersion = 17.14.36301.6 d17.14
MinimumVisualStudioVersion = 10.0.40219.1
Project("{FAE04EC0-301F-11D3-BF4B-00C04F79EFBC}") = "endgame", "endgame.csproj", "{483B75BD-1F49-4325-8F63-117BF669BAFE}"
EndProject
Global
	GlobalSection(SolutionConfigurationPlatforms) = preSolution
		Debug|Any CPU = Debug|Any CPU
		Release|Any CPU = Release|Any CPU
	EndGlobalSection
	GlobalSection(ProjectConfigurationPlatforms) = postSolution
		{483B75BD-1F49-4325-8F63-117BF669BAFE}.Debug|Any CPU.ActiveCfg = Debug|Any CPU
		{483B75BD-1F49-4325-8F63-117BF669BAFE}.Debug|Any CPU.Build.0 = Debug|Any CPU
		{483B75BD-1F49-4325-8F63-117BF669BAFE}.Release|Any CPU.ActiveCfg = Release|Any CPU
		{483B75BD-1F49-4325-8F63-117BF669BAFE}.Release|Any CPU.Build.0 = Release|Any CPU
	EndGlobalSection
	GlobalSection(SolutionProperties) = preSolution
		HideSolutionNode = FALSE
	EndGlobalSection
	GlobalSection(ExtensibilityGlobals) = postSolution
		SolutionGuid = {94DCE023-17E5-4336-AAD4-AF53CFA03671}
	EndGlobalSection
EndGlobal
